
Microsoft Visual Studio Solution File, Format Version 12.00
# Visual Studio 15
VisualStudioVersion = 15.0.26124.0
MinimumVisualStudioVersion = 15.0.26124.0
Project("{2150E333-8FDC-42A3-9474-1A3956D46DE8}") = "Akkamart", "Akkamart", "{62606CDA-C05D-4F20-9CED-F67DAB0160A4}"
EndProject
Project("{2150E333-8FDC-42A3-9474-1A3956D46DE8}") = "src", "src", "{62530958-889D-436A-BDA2-0758198C7150}"
EndProject
Project("{2150E333-8FDC-42A3-9474-1A3956D46DE8}") = "Akkamart.Home", "Akkamart.Home", "{A262227D-B98D-4084-925E-F235AD08CD1D}"
EndProject
Project("{FAE04EC0-301F-11D3-BF4B-00C04F79EFBC}") = "Akkamart.Home.Client", "Akkamart\src\Akkamart.Home\Akkamart.Home.Client\Akkamart.Home.Client.csproj", "{5CE7A976-D24C-4CF0-BD30-4D65323F7F22}"
EndProject
Project("{FAE04EC0-301F-11D3-BF4B-00C04F79EFBC}") = "Akkamart.Home.Server", "Akkamart\src\Akkamart.Home\Akkamart.Home.Server\Akkamart.Home.Server.csproj", "{A0A65CC3-DC6B-4D42-BEDB-630CD7D55A81}"
EndProject
Project("{FAE04EC0-301F-11D3-BF4B-00C04F79EFBC}") = "Akkamart.Home.Shared", "Akkamart\src\Akkamart.Home\Akkamart.Home.Shared\Akkamart.Home.Shared.csproj", "{5D4A2DB4-5A1F-48D0-869F-0CF0AA447E87}"
EndProject
Project("{2150E333-8FDC-42A3-9474-1A3956D46DE8}") = "Akkamart.Membership", "Akkamart.Membership", "{40B26CB5-6728-49DD-AFC2-06E4F83D9050}"
EndProject
Project("{FAE04EC0-301F-11D3-BF4B-00C04F79EFBC}") = "Akkamart.Membership.Client", "Akkamart\src\Akkamart.Membership\Akkamart.Membership.Client\Akkamart.Membership.Client.csproj", "{009AA4B1-6AE4-4637-9F8D-F8303D3E86C6}"
EndProject
Project("{FAE04EC0-301F-11D3-BF4B-00C04F79EFBC}") = "Akkamart.Membership.Server", "Akkamart\src\Akkamart.Membership\Akkamart.Membership.Server\Akkamart.Membership.Server.csproj", "{827D7116-4D14-4095-BAAC-8C6A9BA40A65}"
EndProject
Project("{FAE04EC0-301F-11D3-BF4B-00C04F79EFBC}") = "Akkamart.Membership.Shared", "Akkamart\src\Akkamart.Membership\Akkamart.Membership.Shared\Akkamart.Membership.Shared.csproj", "{3B07BE72-A78D-4067-A477-1B655B444CE8}"
EndProject
Project("{FAE04EC0-301F-11D3-BF4B-00C04F79EFBC}") = "Akkamart.Seed1", "Akkamart\src\Akkamart.Seed1\Akkamart.Seed1.csproj", "{59BB24B5-8045-4B10-A43E-471DB20F2FCA}"
EndProject
Project("{FAE04EC0-301F-11D3-BF4B-00C04F79EFBC}") = "Akkamart.Shared", "Akkamart\src\Akkamart.Shared\Akkamart.Shared.csproj", "{53170EBA-E5AD-431F-8744-0E5D9B410688}"
EndProject
Global
	GlobalSection(SolutionConfigurationPlatforms) = preSolution
		Debug|Any CPU = Debug|Any CPU
		Debug|x64 = Debug|x64
		Debug|x86 = Debug|x86
		Release|Any CPU = Release|Any CPU
		Release|x64 = Release|x64
		Release|x86 = Release|x86
	EndGlobalSection
	GlobalSection(SolutionProperties) = preSolution
		HideSolutionNode = FALSE
	EndGlobalSection
	GlobalSection(ProjectConfigurationPlatforms) = postSolution
		{5CE7A976-D24C-4CF0-BD30-4D65323F7F22}.Debug|Any CPU.ActiveCfg = Debug|Any CPU
		{5CE7A976-D24C-4CF0-BD30-4D65323F7F22}.Debug|Any CPU.Build.0 = Debug|Any CPU
		{5CE7A976-D24C-4CF0-BD30-4D65323F7F22}.Debug|x64.ActiveCfg = Debug|Any CPU
		{5CE7A976-D24C-4CF0-BD30-4D65323F7F22}.Debug|x64.Build.0 = Debug|Any CPU
		{5CE7A976-D24C-4CF0-BD30-4D65323F7F22}.Debug|x86.ActiveCfg = Debug|Any CPU
		{5CE7A976-D24C-4CF0-BD30-4D65323F7F22}.Debug|x86.Build.0 = Debug|Any CPU
		{5CE7A976-D24C-4CF0-BD30-4D65323F7F22}.Release|Any CPU.ActiveCfg = Release|Any CPU
		{5CE7A976-D24C-4CF0-BD30-4D65323F7F22}.Release|Any CPU.Build.0 = Release|Any CPU
		{5CE7A976-D24C-4CF0-BD30-4D65323F7F22}.Release|x64.ActiveCfg = Release|Any CPU
		{5CE7A976-D24C-4CF0-BD30-4D65323F7F22}.Release|x64.Build.0 = Release|Any CPU
		{5CE7A976-D24C-4CF0-BD30-4D65323F7F22}.Release|x86.ActiveCfg = Release|Any CPU
		{5CE7A976-D24C-4CF0-BD30-4D65323F7F22}.Release|x86.Build.0 = Release|Any CPU
		{A0A65CC3-DC6B-4D42-BEDB-630CD7D55A81}.Debug|Any CPU.ActiveCfg = Debug|Any CPU
		{A0A65CC3-DC6B-4D42-BEDB-630CD7D55A81}.Debug|Any CPU.Build.0 = Debug|Any CPU
		{A0A65CC3-DC6B-4D42-BEDB-630CD7D55A81}.Debug|x64.ActiveCfg = Debug|Any CPU
		{A0A65CC3-DC6B-4D42-BEDB-630CD7D55A81}.Debug|x64.Build.0 = Debug|Any CPU
		{A0A65CC3-DC6B-4D42-BEDB-630CD7D55A81}.Debug|x86.ActiveCfg = Debug|Any CPU
		{A0A65CC3-DC6B-4D42-BEDB-630CD7D55A81}.Debug|x86.Build.0 = Debug|Any CPU
		{A0A65CC3-DC6B-4D42-BEDB-630CD7D55A81}.Release|Any CPU.ActiveCfg = Release|Any CPU
		{A0A65CC3-DC6B-4D42-BEDB-630CD7D55A81}.Release|Any CPU.Build.0 = Release|Any CPU
		{A0A65CC3-DC6B-4D42-BEDB-630CD7D55A81}.Release|x64.ActiveCfg = Release|Any CPU
		{A0A65CC3-DC6B-4D42-BEDB-630CD7D55A81}.Release|x64.Build.0 = Release|Any CPU
		{A0A65CC3-DC6B-4D42-BEDB-630CD7D55A81}.Release|x86.ActiveCfg = Release|Any CPU
		{A0A65CC3-DC6B-4D42-BEDB-630CD7D55A81}.Release|x86.Build.0 = Release|Any CPU
		{5D4A2DB4-5A1F-48D0-869F-0CF0AA447E87}.Debug|Any CPU.ActiveCfg = Debug|Any CPU
		{5D4A2DB4-5A1F-48D0-869F-0CF0AA447E87}.Debug|Any CPU.Build.0 = Debug|Any CPU
		{5D4A2DB4-5A1F-48D0-869F-0CF0AA447E87}.Debug|x64.ActiveCfg = Debug|Any CPU
		{5D4A2DB4-5A1F-48D0-869F-0CF0AA447E87}.Debug|x64.Build.0 = Debug|Any CPU
		{5D4A2DB4-5A1F-48D0-869F-0CF0AA447E87}.Debug|x86.ActiveCfg = Debug|Any CPU
		{5D4A2DB4-5A1F-48D0-869F-0CF0AA447E87}.Debug|x86.Build.0 = Debug|Any CPU
		{5D4A2DB4-5A1F-48D0-869F-0CF0AA447E87}.Release|Any CPU.ActiveCfg = Release|Any CPU
		{5D4A2DB4-5A1F-48D0-869F-0CF0AA447E87}.Release|Any CPU.Build.0 = Release|Any CPU
		{5D4A2DB4-5A1F-48D0-869F-0CF0AA447E87}.Release|x64.ActiveCfg = Release|Any CPU
		{5D4A2DB4-5A1F-48D0-869F-0CF0AA447E87}.Release|x64.Build.0 = Release|Any CPU
		{5D4A2DB4-5A1F-48D0-869F-0CF0AA447E87}.Release|x86.ActiveCfg = Release|Any CPU
		{5D4A2DB4-5A1F-48D0-869F-0CF0AA447E87}.Release|x86.Build.0 = Release|Any CPU
		{009AA4B1-6AE4-4637-9F8D-F8303D3E86C6}.Debug|Any CPU.ActiveCfg = Debug|Any CPU
		{009AA4B1-6AE4-4637-9F8D-F8303D3E86C6}.Debug|Any CPU.Build.0 = Debug|Any CPU
		{009AA4B1-6AE4-4637-9F8D-F8303D3E86C6}.Debug|x64.ActiveCfg = Debug|Any CPU
		{009AA4B1-6AE4-4637-9F8D-F8303D3E86C6}.Debug|x64.Build.0 = Debug|Any CPU
		{009AA4B1-6AE4-4637-9F8D-F8303D3E86C6}.Debug|x86.ActiveCfg = Debug|Any CPU
		{009AA4B1-6AE4-4637-9F8D-F8303D3E86C6}.Debug|x86.Build.0 = Debug|Any CPU
		{009AA4B1-6AE4-4637-9F8D-F8303D3E86C6}.Release|Any CPU.ActiveCfg = Release|Any CPU
		{009AA4B1-6AE4-4637-9F8D-F8303D3E86C6}.Release|Any CPU.Build.0 = Release|Any CPU
		{009AA4B1-6AE4-4637-9F8D-F8303D3E86C6}.Release|x64.ActiveCfg = Release|Any CPU
		{009AA4B1-6AE4-4637-9F8D-F8303D3E86C6}.Release|x64.Build.0 = Release|Any CPU
		{009AA4B1-6AE4-4637-9F8D-F8303D3E86C6}.Release|x86.ActiveCfg = Release|Any CPU
		{009AA4B1-6AE4-4637-9F8D-F8303D3E86C6}.Release|x86.Build.0 = Release|Any CPU
		{827D7116-4D14-4095-BAAC-8C6A9BA40A65}.Debug|Any CPU.ActiveCfg = Debug|Any CPU
		{827D7116-4D14-4095-BAAC-8C6A9BA40A65}.Debug|Any CPU.Build.0 = Debug|Any CPU
		{827D7116-4D14-4095-BAAC-8C6A9BA40A65}.Debug|x64.ActiveCfg = Debug|Any CPU
		{827D7116-4D14-4095-BAAC-8C6A9BA40A65}.Debug|x64.Build.0 = Debug|Any CPU
		{827D7116-4D14-4095-BAAC-8C6A9BA40A65}.Debug|x86.ActiveCfg = Debug|Any CPU
		{827D7116-4D14-4095-BAAC-8C6A9BA40A65}.Debug|x86.Build.0 = Debug|Any CPU
		{827D7116-4D14-4095-BAAC-8C6A9BA40A65}.Release|Any CPU.ActiveCfg = Release|Any CPU
		{827D7116-4D14-4095-BAAC-8C6A9BA40A65}.Release|Any CPU.Build.0 = Release|Any CPU
		{827D7116-4D14-4095-BAAC-8C6A9BA40A65}.Release|x64.ActiveCfg = Release|Any CPU
		{827D7116-4D14-4095-BAAC-8C6A9BA40A65}.Release|x64.Build.0 = Release|Any CPU
		{827D7116-4D14-4095-BAAC-8C6A9BA40A65}.Release|x86.ActiveCfg = Release|Any CPU
		{827D7116-4D14-4095-BAAC-8C6A9BA40A65}.Release|x86.Build.0 = Release|Any CPU
		{3B07BE72-A78D-4067-A477-1B655B444CE8}.Debug|Any CPU.ActiveCfg = Debug|Any CPU
		{3B07BE72-A78D-4067-A477-1B655B444CE8}.Debug|Any CPU.Build.0 = Debug|Any CPU
		{3B07BE72-A78D-4067-A477-1B655B444CE8}.Debug|x64.ActiveCfg = Debug|Any CPU
		{3B07BE72-A78D-4067-A477-1B655B444CE8}.Debug|x64.Build.0 = Debug|Any CPU
		{3B07BE72-A78D-4067-A477-1B655B444CE8}.Debug|x86.ActiveCfg = Debug|Any CPU
		{3B07BE72-A78D-4067-A477-1B655B444CE8}.Debug|x86.Build.0 = Debug|Any CPU
		{3B07BE72-A78D-4067-A477-1B655B444CE8}.Release|Any CPU.ActiveCfg = Release|Any CPU
		{3B07BE72-A78D-4067-A477-1B655B444CE8}.Release|Any CPU.Build.0 = Release|Any CPU
		{3B07BE72-A78D-4067-A477-1B655B444CE8}.Release|x64.ActiveCfg = Release|Any CPU
		{3B07BE72-A78D-4067-A477-1B655B444CE8}.Release|x64.Build.0 = Release|Any CPU
		{3B07BE72-A78D-4067-A477-1B655B444CE8}.Release|x86.ActiveCfg = Release|Any CPU
		{3B07BE72-A78D-4067-A477-1B655B444CE8}.Release|x86.Build.0 = Release|Any CPU
		{59BB24B5-8045-4B10-A43E-471DB20F2FCA}.Debug|Any CPU.ActiveCfg = Debug|Any CPU
		{59BB24B5-8045-4B10-A43E-471DB20F2FCA}.Debug|Any CPU.Build.0 = Debug|Any CPU
		{59BB24B5-8045-4B10-A43E-471DB20F2FCA}.Debug|x64.ActiveCfg = Debug|Any CPU
		{59BB24B5-8045-4B10-A43E-471DB20F2FCA}.Debug|x64.Build.0 = Debug|Any CPU
		{59BB24B5-8045-4B10-A43E-471DB20F2FCA}.Debug|x86.ActiveCfg = Debug|Any CPU
		{59BB24B5-8045-4B10-A43E-471DB20F2FCA}.Debug|x86.Build.0 = Debug|Any CPU
		{59BB24B5-8045-4B10-A43E-471DB20F2FCA}.Release|Any CPU.ActiveCfg = Release|Any CPU
		{59BB24B5-8045-4B10-A43E-471DB20F2FCA}.Release|Any CPU.Build.0 = Release|Any CPU
		{59BB24B5-8045-4B10-A43E-471DB20F2FCA}.Release|x64.ActiveCfg = Release|Any CPU
		{59BB24B5-8045-4B10-A43E-471DB20F2FCA}.Release|x64.Build.0 = Release|Any CPU
		{59BB24B5-8045-4B10-A43E-471DB20F2FCA}.Release|x86.ActiveCfg = Release|Any CPU
		{59BB24B5-8045-4B10-A43E-471DB20F2FCA}.Release|x86.Build.0 = Release|Any CPU
		{53170EBA-E5AD-431F-8744-0E5D9B410688}.Debug|Any CPU.ActiveCfg = Debug|Any CPU
		{53170EBA-E5AD-431F-8744-0E5D9B410688}.Debug|Any CPU.Build.0 = Debug|Any CPU
		{53170EBA-E5AD-431F-8744-0E5D9B410688}.Debug|x64.ActiveCfg = Debug|Any CPU
		{53170EBA-E5AD-431F-8744-0E5D9B410688}.Debug|x64.Build.0 = Debug|Any CPU
		{53170EBA-E5AD-431F-8744-0E5D9B410688}.Debug|x86.ActiveCfg = Debug|Any CPU
		{53170EBA-E5AD-431F-8744-0E5D9B410688}.Debug|x86.Build.0 = Debug|Any CPU
		{53170EBA-E5AD-431F-8744-0E5D9B410688}.Release|Any CPU.ActiveCfg = Release|Any CPU
		{53170EBA-E5AD-431F-8744-0E5D9B410688}.Release|Any CPU.Build.0 = Release|Any CPU
		{53170EBA-E5AD-431F-8744-0E5D9B410688}.Release|x64.ActiveCfg = Release|Any CPU
		{53170EBA-E5AD-431F-8744-0E5D9B410688}.Release|x64.Build.0 = Release|Any CPU
		{53170EBA-E5AD-431F-8744-0E5D9B410688}.Release|x86.ActiveCfg = Release|Any CPU
		{53170EBA-E5AD-431F-8744-0E5D9B410688}.Release|x86.Build.0 = Release|Any CPU
	EndGlobalSection
	GlobalSection(NestedProjects) = preSolution
		{62530958-889D-436A-BDA2-0758198C7150} = {62606CDA-C05D-4F20-9CED-F67DAB0160A4}
		{A262227D-B98D-4084-925E-F235AD08CD1D} = {62530958-889D-436A-BDA2-0758198C7150}
		{5CE7A976-D24C-4CF0-BD30-4D65323F7F22} = {A262227D-B98D-4084-925E-F235AD08CD1D}
		{A0A65CC3-DC6B-4D42-BEDB-630CD7D55A81} = {A262227D-B98D-4084-925E-F235AD08CD1D}
		{5D4A2DB4-5A1F-48D0-869F-0CF0AA447E87} = {A262227D-B98D-4084-925E-F235AD08CD1D}
		{40B26CB5-6728-49DD-AFC2-06E4F83D9050} = {62530958-889D-436A-BDA2-0758198C7150}
		{009AA4B1-6AE4-4637-9F8D-F8303D3E86C6} = {40B26CB5-6728-49DD-AFC2-06E4F83D9050}
		{827D7116-4D14-4095-BAAC-8C6A9BA40A65} = {40B26CB5-6728-49DD-AFC2-06E4F83D9050}
		{3B07BE72-A78D-4067-A477-1B655B444CE8} = {40B26CB5-6728-49DD-AFC2-06E4F83D9050}
		{59BB24B5-8045-4B10-A43E-471DB20F2FCA} = {62530958-889D-436A-BDA2-0758198C7150}
		{53170EBA-E5AD-431F-8744-0E5D9B410688} = {62530958-889D-436A-BDA2-0758198C7150}
	EndGlobalSection
EndGlobal
