Microsoft Visual Studio Solution File, Format Version 12.00
# Visual Studio Version 16
VisualStudioVersion = 16.0.0.0
MinimumVisualStudioVersion = 16.0.0.0
Project("{9A19103F-16F7-4668-BE54-9A1E7A4F7556}") = "Akkamart.Membership.Server", "Akkamart.Membership.Server\Akkamart.Membership.Server.csproj", "{7334F399-70DB-4CEC-824B-ED7F59CDA996}"
EndProject
Project("{9A19103F-16F7-4668-BE54-9A1E7A4F7556}") = "Akkamart.Membership.Client", "Akkamart.Membership.Client\Akkamart.Membership.Client.csproj", "{6DCE7220-BC25-4789-9BAA-ACD7EB8504B1}"
EndProject
Project("{9A19103F-16F7-4668-BE54-9A1E7A4F7556}") = "Akkamart.Membership.Shared", "Akkamart.Membership.Shared\Akkamart.Membership.Shared.csproj", "{B2D8C3D4-0B2C-4A67-87EF-E80DBED278DB}"
EndProject
Global
	GlobalSection(SolutionConfigurationPlatforms) = preSolution
		Debug|Any CPU = Debug|Any CPU
		Debug|x64 = Debug|x64
		Debug|x86 = Debug|x86
		Release|Any CPU = Release|Any CPU
		Release|x64 = Release|x64
		Release|x86 = Release|x86
	EndGlobalSection
	GlobalSection(ProjectConfigurationPlatforms) = postSolution
		{6DCE7220-BC25-4789-9BAA-ACD7EB8504B1}.Debug|Any CPU.ActiveCfg = Debug|Any CPU
		{6DCE7220-BC25-4789-9BAA-ACD7EB8504B1}.Debug|Any CPU.Build.0 = Debug|Any CPU
		{6DCE7220-BC25-4789-9BAA-ACD7EB8504B1}.Debug|x64.ActiveCfg = Debug|Any CPU
		{6DCE7220-BC25-4789-9BAA-ACD7EB8504B1}.Debug|x64.Build.0 = Debug|Any CPU
		{6DCE7220-BC25-4789-9BAA-ACD7EB8504B1}.Debug|x86.ActiveCfg = Debug|Any CPU
		{6DCE7220-BC25-4789-9BAA-ACD7EB8504B1}.Debug|x86.Build.0 = Debug|Any CPU
		{6DCE7220-BC25-4789-9BAA-ACD7EB8504B1}.Release|Any CPU.ActiveCfg = Release|Any CPU
		{6DCE7220-BC25-4789-9BAA-ACD7EB8504B1}.Release|Any CPU.Build.0 = Release|Any CPU
		{6DCE7220-BC25-4789-9BAA-ACD7EB8504B1}.Release|x64.ActiveCfg = Release|Any CPU
		{6DCE7220-BC25-4789-9BAA-ACD7EB8504B1}.Release|x64.Build.0 = Release|Any CPU
		{6DCE7220-BC25-4789-9BAA-ACD7EB8504B1}.Release|x86.ActiveCfg = Release|Any CPU
		{6DCE7220-BC25-4789-9BAA-ACD7EB8504B1}.Release|x86.Build.0 = Release|Any CPU
		{7334F399-70DB-4CEC-824B-ED7F59CDA996}.Debug|Any CPU.ActiveCfg = Debug|Any CPU
		{7334F399-70DB-4CEC-824B-ED7F59CDA996}.Debug|Any CPU.Build.0 = Debug|Any CPU
		{7334F399-70DB-4CEC-824B-ED7F59CDA996}.Debug|x64.ActiveCfg = Debug|Any CPU
		{7334F399-70DB-4CEC-824B-ED7F59CDA996}.Debug|x64.Build.0 = Debug|Any CPU
		{7334F399-70DB-4CEC-824B-ED7F59CDA996}.Debug|x86.ActiveCfg = Debug|Any CPU
		{7334F399-70DB-4CEC-824B-ED7F59CDA996}.Debug|x86.Build.0 = Debug|Any CPU
		{7334F399-70DB-4CEC-824B-ED7F59CDA996}.Release|Any CPU.ActiveCfg = Release|Any CPU
		{7334F399-70DB-4CEC-824B-ED7F59CDA996}.Release|Any CPU.Build.0 = Release|Any CPU
		{7334F399-70DB-4CEC-824B-ED7F59CDA996}.Release|x64.ActiveCfg = Release|Any CPU
		{7334F399-70DB-4CEC-824B-ED7F59CDA996}.Release|x64.Build.0 = Release|Any CPU
		{7334F399-70DB-4CEC-824B-ED7F59CDA996}.Release|x86.ActiveCfg = Release|Any CPU
		{7334F399-70DB-4CEC-824B-ED7F59CDA996}.Release|x86.Build.0 = Release|Any CPU
		{B2D8C3D4-0B2C-4A67-87EF-E80DBED278DB}.Debug|Any CPU.ActiveCfg = Debug|Any CPU
		{B2D8C3D4-0B2C-4A67-87EF-E80DBED278DB}.Debug|Any CPU.Build.0 = Debug|Any CPU
		{B2D8C3D4-0B2C-4A67-87EF-E80DBED278DB}.Debug|x64.ActiveCfg = Debug|Any CPU
		{B2D8C3D4-0B2C-4A67-87EF-E80DBED278DB}.Debug|x64.Build.0 = Debug|Any CPU
		{B2D8C3D4-0B2C-4A67-87EF-E80DBED278DB}.Debug|x86.ActiveCfg = Debug|Any CPU
		{B2D8C3D4-0B2C-4A67-87EF-E80DBED278DB}.Debug|x86.Build.0 = Debug|Any CPU
		{B2D8C3D4-0B2C-4A67-87EF-E80DBED278DB}.Release|Any CPU.ActiveCfg = Release|Any CPU
		{B2D8C3D4-0B2C-4A67-87EF-E80DBED278DB}.Release|Any CPU.Build.0 = Release|Any CPU
		{B2D8C3D4-0B2C-4A67-87EF-E80DBED278DB}.Release|x64.ActiveCfg = Release|Any CPU
		{B2D8C3D4-0B2C-4A67-87EF-E80DBED278DB}.Release|x64.Build.0 = Release|Any CPU
		{B2D8C3D4-0B2C-4A67-87EF-E80DBED278DB}.Release|x86.ActiveCfg = Release|Any CPU
		{B2D8C3D4-0B2C-4A67-87EF-E80DBED278DB}.Release|x86.Build.0 = Release|Any CPU
	EndGlobalSection
	GlobalSection(SolutionProperties) = preSolution
		HideSolutionNode = FALSE
	EndGlobalSection
	GlobalSection(ExtensibilityGlobals) = postSolution
		SolutionGuid = {9C2475EB-7CE9-4355-964B-29C495A40826}
	EndGlobalSection
EndGlobal
