
Microsoft Visual Studio Solution File, Format Version 12.00
# Visual Studio 15
VisualStudioVersion = 15.0.26124.0
MinimumVisualStudioVersion = 15.0.26124.0
Project("{2150E333-8FDC-42A3-9474-1A3956D46DE8}") = "Akkamart.Home", "Akkamart.Home", "{1C0CA930-0570-4AC8-845D-37C7F2E53E67}"
EndProject
Project("{FAE04EC0-301F-11D3-BF4B-00C04F79EFBC}") = "Akkamart.Home.Client", "Akkamart.Home\Akkamart.Home.Client\Akkamart.Home.Client.csproj", "{28BB315B-F15D-45ED-A38A-EA7FA326B24A}"
EndProject
Project("{FAE04EC0-301F-11D3-BF4B-00C04F79EFBC}") = "Akkamart.Home.Server", "Akkamart.Home\Akkamart.Home.Server\Akkamart.Home.Server.csproj", "{6192F9C6-5A97-476A-8494-7B8DD9EE680E}"
EndProject
Project("{FAE04EC0-301F-11D3-BF4B-00C04F79EFBC}") = "Akkamart.Home.Shared", "Akkamart.Home\Akkamart.Home.Shared\Akkamart.Home.Shared.csproj", "{035EFA80-F4CD-4288-A376-EC0C4F573C26}"
EndProject
Project("{2150E333-8FDC-42A3-9474-1A3956D46DE8}") = "Akkamart.Membership", "Akkamart.Membership", "{7F5DFBFB-17AD-488F-B2F9-15940D70A201}"
EndProject
Project("{FAE04EC0-301F-11D3-BF4B-00C04F79EFBC}") = "Akkamart.Membership.Client", "Akkamart.Membership\Akkamart.Membership.Client\Akkamart.Membership.Client.csproj", "{5F6FFBBB-826B-45A8-B27C-788FC858129F}"
EndProject
Project("{FAE04EC0-301F-11D3-BF4B-00C04F79EFBC}") = "Akkamart.Membership.Server", "Akkamart.Membership\Akkamart.Membership.Server\Akkamart.Membership.Server.csproj", "{5D12FB7D-361A-4D97-A95B-C13AD47FFB94}"
EndProject
Project("{FAE04EC0-301F-11D3-BF4B-00C04F79EFBC}") = "Akkamart.Membership.Shared", "Akkamart.Membership\Akkamart.Membership.Shared\Akkamart.Membership.Shared.csproj", "{94EB849E-4F19-4019-934C-1BFD44FA5735}"
EndProject
Project("{FAE04EC0-301F-11D3-BF4B-00C04F79EFBC}") = "Akkamart.Seed1", "Akkamart.Seed1\Akkamart.Seed1.csproj", "{102F36CC-6C65-4114-9735-C1C1C18A5784}"
EndProject
Project("{FAE04EC0-301F-11D3-BF4B-00C04F79EFBC}") = "Akkamart.Shared", "Akkamart.Shared\Akkamart.Shared.csproj", "{665E578E-DE5E-4F1B-8DF9-6E2BCFE1D66C}"
EndProject
Project("{FAE04EC0-301F-11D3-BF4B-00C04F79EFBC}") = "Akkamart.Server.Shared", "Akkamart.Server.Shared\Akkamart.Server.Shared.csproj", "{9BE20C1E-ADD9-497D-9AA8-C1F459912B16}"
EndProject
Project("{2150E333-8FDC-42A3-9474-1A3956D46DE8}") = "Akkamart.Saga", "Akkamart.Saga", "{F9A05031-67ED-432C-8350-E9F50A5EA7B4}"
EndProject
Project("{FAE04EC0-301F-11D3-BF4B-00C04F79EFBC}") = "Akkamart.Saga.Client", "Akkamart.Saga\Akkamart.Saga.Client\Akkamart.Saga.Client.csproj", "{36CA0255-1B44-4B3F-AC0F-7B8FD662160B}"
EndProject
Project("{FAE04EC0-301F-11D3-BF4B-00C04F79EFBC}") = "Akkamart.Saga.Server", "Akkamart.Saga\Akkamart.Saga.Server\Akkamart.Saga.Server.csproj", "{89869F8B-6E55-4F17-89E5-17C6C6EB26CF}"
EndProject
Project("{FAE04EC0-301F-11D3-BF4B-00C04F79EFBC}") = "Akkamart.Saga.Shared", "Akkamart.Saga\Akkamart.Saga.Shared\Akkamart.Saga.Shared.csproj", "{C252A743-E238-4ED7-B289-DBC57748D88E}"
EndProject
Global
	GlobalSection(SolutionConfigurationPlatforms) = preSolution
		Debug|Any CPU = Debug|Any CPU
		Debug|x64 = Debug|x64
		Debug|x86 = Debug|x86
		Release|Any CPU = Release|Any CPU
		Release|x64 = Release|x64
		Release|x86 = Release|x86
	EndGlobalSection
	GlobalSection(SolutionProperties) = preSolution
		HideSolutionNode = FALSE
	EndGlobalSection
	GlobalSection(ProjectConfigurationPlatforms) = postSolution
		{28BB315B-F15D-45ED-A38A-EA7FA326B24A}.Debug|Any CPU.ActiveCfg = Debug|Any CPU
		{28BB315B-F15D-45ED-A38A-EA7FA326B24A}.Debug|Any CPU.Build.0 = Debug|Any CPU
		{28BB315B-F15D-45ED-A38A-EA7FA326B24A}.Debug|x64.ActiveCfg = Debug|Any CPU
		{28BB315B-F15D-45ED-A38A-EA7FA326B24A}.Debug|x64.Build.0 = Debug|Any CPU
		{28BB315B-F15D-45ED-A38A-EA7FA326B24A}.Debug|x86.ActiveCfg = Debug|Any CPU
		{28BB315B-F15D-45ED-A38A-EA7FA326B24A}.Debug|x86.Build.0 = Debug|Any CPU
		{28BB315B-F15D-45ED-A38A-EA7FA326B24A}.Release|Any CPU.ActiveCfg = Release|Any CPU
		{28BB315B-F15D-45ED-A38A-EA7FA326B24A}.Release|Any CPU.Build.0 = Release|Any CPU
		{28BB315B-F15D-45ED-A38A-EA7FA326B24A}.Release|x64.ActiveCfg = Release|Any CPU
		{28BB315B-F15D-45ED-A38A-EA7FA326B24A}.Release|x64.Build.0 = Release|Any CPU
		{28BB315B-F15D-45ED-A38A-EA7FA326B24A}.Release|x86.ActiveCfg = Release|Any CPU
		{28BB315B-F15D-45ED-A38A-EA7FA326B24A}.Release|x86.Build.0 = Release|Any CPU
		{6192F9C6-5A97-476A-8494-7B8DD9EE680E}.Debug|Any CPU.ActiveCfg = Debug|Any CPU
		{6192F9C6-5A97-476A-8494-7B8DD9EE680E}.Debug|Any CPU.Build.0 = Debug|Any CPU
		{6192F9C6-5A97-476A-8494-7B8DD9EE680E}.Debug|x64.ActiveCfg = Debug|Any CPU
		{6192F9C6-5A97-476A-8494-7B8DD9EE680E}.Debug|x64.Build.0 = Debug|Any CPU
		{6192F9C6-5A97-476A-8494-7B8DD9EE680E}.Debug|x86.ActiveCfg = Debug|Any CPU
		{6192F9C6-5A97-476A-8494-7B8DD9EE680E}.Debug|x86.Build.0 = Debug|Any CPU
		{6192F9C6-5A97-476A-8494-7B8DD9EE680E}.Release|Any CPU.ActiveCfg = Release|Any CPU
		{6192F9C6-5A97-476A-8494-7B8DD9EE680E}.Release|Any CPU.Build.0 = Release|Any CPU
		{6192F9C6-5A97-476A-8494-7B8DD9EE680E}.Release|x64.ActiveCfg = Release|Any CPU
		{6192F9C6-5A97-476A-8494-7B8DD9EE680E}.Release|x64.Build.0 = Release|Any CPU
		{6192F9C6-5A97-476A-8494-7B8DD9EE680E}.Release|x86.ActiveCfg = Release|Any CPU
		{6192F9C6-5A97-476A-8494-7B8DD9EE680E}.Release|x86.Build.0 = Release|Any CPU
		{035EFA80-F4CD-4288-A376-EC0C4F573C26}.Debug|Any CPU.ActiveCfg = Debug|Any CPU
		{035EFA80-F4CD-4288-A376-EC0C4F573C26}.Debug|Any CPU.Build.0 = Debug|Any CPU
		{035EFA80-F4CD-4288-A376-EC0C4F573C26}.Debug|x64.ActiveCfg = Debug|Any CPU
		{035EFA80-F4CD-4288-A376-EC0C4F573C26}.Debug|x64.Build.0 = Debug|Any CPU
		{035EFA80-F4CD-4288-A376-EC0C4F573C26}.Debug|x86.ActiveCfg = Debug|Any CPU
		{035EFA80-F4CD-4288-A376-EC0C4F573C26}.Debug|x86.Build.0 = Debug|Any CPU
		{035EFA80-F4CD-4288-A376-EC0C4F573C26}.Release|Any CPU.ActiveCfg = Release|Any CPU
		{035EFA80-F4CD-4288-A376-EC0C4F573C26}.Release|Any CPU.Build.0 = Release|Any CPU
		{035EFA80-F4CD-4288-A376-EC0C4F573C26}.Release|x64.ActiveCfg = Release|Any CPU
		{035EFA80-F4CD-4288-A376-EC0C4F573C26}.Release|x64.Build.0 = Release|Any CPU
		{035EFA80-F4CD-4288-A376-EC0C4F573C26}.Release|x86.ActiveCfg = Release|Any CPU
		{035EFA80-F4CD-4288-A376-EC0C4F573C26}.Release|x86.Build.0 = Release|Any CPU
		{5F6FFBBB-826B-45A8-B27C-788FC858129F}.Debug|Any CPU.ActiveCfg = Debug|Any CPU
		{5F6FFBBB-826B-45A8-B27C-788FC858129F}.Debug|Any CPU.Build.0 = Debug|Any CPU
		{5F6FFBBB-826B-45A8-B27C-788FC858129F}.Debug|x64.ActiveCfg = Debug|Any CPU
		{5F6FFBBB-826B-45A8-B27C-788FC858129F}.Debug|x64.Build.0 = Debug|Any CPU
		{5F6FFBBB-826B-45A8-B27C-788FC858129F}.Debug|x86.ActiveCfg = Debug|Any CPU
		{5F6FFBBB-826B-45A8-B27C-788FC858129F}.Debug|x86.Build.0 = Debug|Any CPU
		{5F6FFBBB-826B-45A8-B27C-788FC858129F}.Release|Any CPU.ActiveCfg = Release|Any CPU
		{5F6FFBBB-826B-45A8-B27C-788FC858129F}.Release|Any CPU.Build.0 = Release|Any CPU
		{5F6FFBBB-826B-45A8-B27C-788FC858129F}.Release|x64.ActiveCfg = Release|Any CPU
		{5F6FFBBB-826B-45A8-B27C-788FC858129F}.Release|x64.Build.0 = Release|Any CPU
		{5F6FFBBB-826B-45A8-B27C-788FC858129F}.Release|x86.ActiveCfg = Release|Any CPU
		{5F6FFBBB-826B-45A8-B27C-788FC858129F}.Release|x86.Build.0 = Release|Any CPU
		{5D12FB7D-361A-4D97-A95B-C13AD47FFB94}.Debug|Any CPU.ActiveCfg = Debug|Any CPU
		{5D12FB7D-361A-4D97-A95B-C13AD47FFB94}.Debug|Any CPU.Build.0 = Debug|Any CPU
		{5D12FB7D-361A-4D97-A95B-C13AD47FFB94}.Debug|x64.ActiveCfg = Debug|Any CPU
		{5D12FB7D-361A-4D97-A95B-C13AD47FFB94}.Debug|x64.Build.0 = Debug|Any CPU
		{5D12FB7D-361A-4D97-A95B-C13AD47FFB94}.Debug|x86.ActiveCfg = Debug|Any CPU
		{5D12FB7D-361A-4D97-A95B-C13AD47FFB94}.Debug|x86.Build.0 = Debug|Any CPU
		{5D12FB7D-361A-4D97-A95B-C13AD47FFB94}.Release|Any CPU.ActiveCfg = Release|Any CPU
		{5D12FB7D-361A-4D97-A95B-C13AD47FFB94}.Release|Any CPU.Build.0 = Release|Any CPU
		{5D12FB7D-361A-4D97-A95B-C13AD47FFB94}.Release|x64.ActiveCfg = Release|Any CPU
		{5D12FB7D-361A-4D97-A95B-C13AD47FFB94}.Release|x64.Build.0 = Release|Any CPU
		{5D12FB7D-361A-4D97-A95B-C13AD47FFB94}.Release|x86.ActiveCfg = Release|Any CPU
		{5D12FB7D-361A-4D97-A95B-C13AD47FFB94}.Release|x86.Build.0 = Release|Any CPU
		{94EB849E-4F19-4019-934C-1BFD44FA5735}.Debug|Any CPU.ActiveCfg = Debug|Any CPU
		{94EB849E-4F19-4019-934C-1BFD44FA5735}.Debug|Any CPU.Build.0 = Debug|Any CPU
		{94EB849E-4F19-4019-934C-1BFD44FA5735}.Debug|x64.ActiveCfg = Debug|Any CPU
		{94EB849E-4F19-4019-934C-1BFD44FA5735}.Debug|x64.Build.0 = Debug|Any CPU
		{94EB849E-4F19-4019-934C-1BFD44FA5735}.Debug|x86.ActiveCfg = Debug|Any CPU
		{94EB849E-4F19-4019-934C-1BFD44FA5735}.Debug|x86.Build.0 = Debug|Any CPU
		{94EB849E-4F19-4019-934C-1BFD44FA5735}.Release|Any CPU.ActiveCfg = Release|Any CPU
		{94EB849E-4F19-4019-934C-1BFD44FA5735}.Release|Any CPU.Build.0 = Release|Any CPU
		{94EB849E-4F19-4019-934C-1BFD44FA5735}.Release|x64.ActiveCfg = Release|Any CPU
		{94EB849E-4F19-4019-934C-1BFD44FA5735}.Release|x64.Build.0 = Release|Any CPU
		{94EB849E-4F19-4019-934C-1BFD44FA5735}.Release|x86.ActiveCfg = Release|Any CPU
		{94EB849E-4F19-4019-934C-1BFD44FA5735}.Release|x86.Build.0 = Release|Any CPU
		{102F36CC-6C65-4114-9735-C1C1C18A5784}.Debug|Any CPU.ActiveCfg = Debug|Any CPU
		{102F36CC-6C65-4114-9735-C1C1C18A5784}.Debug|Any CPU.Build.0 = Debug|Any CPU
		{102F36CC-6C65-4114-9735-C1C1C18A5784}.Debug|x64.ActiveCfg = Debug|Any CPU
		{102F36CC-6C65-4114-9735-C1C1C18A5784}.Debug|x64.Build.0 = Debug|Any CPU
		{102F36CC-6C65-4114-9735-C1C1C18A5784}.Debug|x86.ActiveCfg = Debug|Any CPU
		{102F36CC-6C65-4114-9735-C1C1C18A5784}.Debug|x86.Build.0 = Debug|Any CPU
		{102F36CC-6C65-4114-9735-C1C1C18A5784}.Release|Any CPU.ActiveCfg = Release|Any CPU
		{102F36CC-6C65-4114-9735-C1C1C18A5784}.Release|Any CPU.Build.0 = Release|Any CPU
		{102F36CC-6C65-4114-9735-C1C1C18A5784}.Release|x64.ActiveCfg = Release|Any CPU
		{102F36CC-6C65-4114-9735-C1C1C18A5784}.Release|x64.Build.0 = Release|Any CPU
		{102F36CC-6C65-4114-9735-C1C1C18A5784}.Release|x86.ActiveCfg = Release|Any CPU
		{102F36CC-6C65-4114-9735-C1C1C18A5784}.Release|x86.Build.0 = Release|Any CPU
		{665E578E-DE5E-4F1B-8DF9-6E2BCFE1D66C}.Debug|Any CPU.ActiveCfg = Debug|Any CPU
		{665E578E-DE5E-4F1B-8DF9-6E2BCFE1D66C}.Debug|Any CPU.Build.0 = Debug|Any CPU
		{665E578E-DE5E-4F1B-8DF9-6E2BCFE1D66C}.Debug|x64.ActiveCfg = Debug|Any CPU
		{665E578E-DE5E-4F1B-8DF9-6E2BCFE1D66C}.Debug|x64.Build.0 = Debug|Any CPU
		{665E578E-DE5E-4F1B-8DF9-6E2BCFE1D66C}.Debug|x86.ActiveCfg = Debug|Any CPU
		{665E578E-DE5E-4F1B-8DF9-6E2BCFE1D66C}.Debug|x86.Build.0 = Debug|Any CPU
		{665E578E-DE5E-4F1B-8DF9-6E2BCFE1D66C}.Release|Any CPU.ActiveCfg = Release|Any CPU
		{665E578E-DE5E-4F1B-8DF9-6E2BCFE1D66C}.Release|Any CPU.Build.0 = Release|Any CPU
		{665E578E-DE5E-4F1B-8DF9-6E2BCFE1D66C}.Release|x64.ActiveCfg = Release|Any CPU
		{665E578E-DE5E-4F1B-8DF9-6E2BCFE1D66C}.Release|x64.Build.0 = Release|Any CPU
		{665E578E-DE5E-4F1B-8DF9-6E2BCFE1D66C}.Release|x86.ActiveCfg = Release|Any CPU
		{665E578E-DE5E-4F1B-8DF9-6E2BCFE1D66C}.Release|x86.Build.0 = Release|Any CPU
		{9BE20C1E-ADD9-497D-9AA8-C1F459912B16}.Debug|Any CPU.ActiveCfg = Debug|Any CPU
		{9BE20C1E-ADD9-497D-9AA8-C1F459912B16}.Debug|Any CPU.Build.0 = Debug|Any CPU
		{9BE20C1E-ADD9-497D-9AA8-C1F459912B16}.Debug|x64.ActiveCfg = Debug|Any CPU
		{9BE20C1E-ADD9-497D-9AA8-C1F459912B16}.Debug|x64.Build.0 = Debug|Any CPU
		{9BE20C1E-ADD9-497D-9AA8-C1F459912B16}.Debug|x86.ActiveCfg = Debug|Any CPU
		{9BE20C1E-ADD9-497D-9AA8-C1F459912B16}.Debug|x86.Build.0 = Debug|Any CPU
		{9BE20C1E-ADD9-497D-9AA8-C1F459912B16}.Release|Any CPU.ActiveCfg = Release|Any CPU
		{9BE20C1E-ADD9-497D-9AA8-C1F459912B16}.Release|Any CPU.Build.0 = Release|Any CPU
		{9BE20C1E-ADD9-497D-9AA8-C1F459912B16}.Release|x64.ActiveCfg = Release|Any CPU
		{9BE20C1E-ADD9-497D-9AA8-C1F459912B16}.Release|x64.Build.0 = Release|Any CPU
		{9BE20C1E-ADD9-497D-9AA8-C1F459912B16}.Release|x86.ActiveCfg = Release|Any CPU
		{9BE20C1E-ADD9-497D-9AA8-C1F459912B16}.Release|x86.Build.0 = Release|Any CPU
		{36CA0255-1B44-4B3F-AC0F-7B8FD662160B}.Debug|Any CPU.ActiveCfg = Debug|Any CPU
		{36CA0255-1B44-4B3F-AC0F-7B8FD662160B}.Debug|Any CPU.Build.0 = Debug|Any CPU
		{36CA0255-1B44-4B3F-AC0F-7B8FD662160B}.Debug|x64.ActiveCfg = Debug|Any CPU
		{36CA0255-1B44-4B3F-AC0F-7B8FD662160B}.Debug|x64.Build.0 = Debug|Any CPU
		{36CA0255-1B44-4B3F-AC0F-7B8FD662160B}.Debug|x86.ActiveCfg = Debug|Any CPU
		{36CA0255-1B44-4B3F-AC0F-7B8FD662160B}.Debug|x86.Build.0 = Debug|Any CPU
		{36CA0255-1B44-4B3F-AC0F-7B8FD662160B}.Release|Any CPU.ActiveCfg = Release|Any CPU
		{36CA0255-1B44-4B3F-AC0F-7B8FD662160B}.Release|Any CPU.Build.0 = Release|Any CPU
		{36CA0255-1B44-4B3F-AC0F-7B8FD662160B}.Release|x64.ActiveCfg = Release|Any CPU
		{36CA0255-1B44-4B3F-AC0F-7B8FD662160B}.Release|x64.Build.0 = Release|Any CPU
		{36CA0255-1B44-4B3F-AC0F-7B8FD662160B}.Release|x86.ActiveCfg = Release|Any CPU
		{36CA0255-1B44-4B3F-AC0F-7B8FD662160B}.Release|x86.Build.0 = Release|Any CPU
		{89869F8B-6E55-4F17-89E5-17C6C6EB26CF}.Debug|Any CPU.ActiveCfg = Debug|Any CPU
		{89869F8B-6E55-4F17-89E5-17C6C6EB26CF}.Debug|Any CPU.Build.0 = Debug|Any CPU
		{89869F8B-6E55-4F17-89E5-17C6C6EB26CF}.Debug|x64.ActiveCfg = Debug|Any CPU
		{89869F8B-6E55-4F17-89E5-17C6C6EB26CF}.Debug|x64.Build.0 = Debug|Any CPU
		{89869F8B-6E55-4F17-89E5-17C6C6EB26CF}.Debug|x86.ActiveCfg = Debug|Any CPU
		{89869F8B-6E55-4F17-89E5-17C6C6EB26CF}.Debug|x86.Build.0 = Debug|Any CPU
		{89869F8B-6E55-4F17-89E5-17C6C6EB26CF}.Release|Any CPU.ActiveCfg = Release|Any CPU
		{89869F8B-6E55-4F17-89E5-17C6C6EB26CF}.Release|Any CPU.Build.0 = Release|Any CPU
		{89869F8B-6E55-4F17-89E5-17C6C6EB26CF}.Release|x64.ActiveCfg = Release|Any CPU
		{89869F8B-6E55-4F17-89E5-17C6C6EB26CF}.Release|x64.Build.0 = Release|Any CPU
		{89869F8B-6E55-4F17-89E5-17C6C6EB26CF}.Release|x86.ActiveCfg = Release|Any CPU
		{89869F8B-6E55-4F17-89E5-17C6C6EB26CF}.Release|x86.Build.0 = Release|Any CPU
		{C252A743-E238-4ED7-B289-DBC57748D88E}.Debug|Any CPU.ActiveCfg = Debug|Any CPU
		{C252A743-E238-4ED7-B289-DBC57748D88E}.Debug|Any CPU.Build.0 = Debug|Any CPU
		{C252A743-E238-4ED7-B289-DBC57748D88E}.Debug|x64.ActiveCfg = Debug|Any CPU
		{C252A743-E238-4ED7-B289-DBC57748D88E}.Debug|x64.Build.0 = Debug|Any CPU
		{C252A743-E238-4ED7-B289-DBC57748D88E}.Debug|x86.ActiveCfg = Debug|Any CPU
		{C252A743-E238-4ED7-B289-DBC57748D88E}.Debug|x86.Build.0 = Debug|Any CPU
		{C252A743-E238-4ED7-B289-DBC57748D88E}.Release|Any CPU.ActiveCfg = Release|Any CPU
		{C252A743-E238-4ED7-B289-DBC57748D88E}.Release|Any CPU.Build.0 = Release|Any CPU
		{C252A743-E238-4ED7-B289-DBC57748D88E}.Release|x64.ActiveCfg = Release|Any CPU
		{C252A743-E238-4ED7-B289-DBC57748D88E}.Release|x64.Build.0 = Release|Any CPU
		{C252A743-E238-4ED7-B289-DBC57748D88E}.Release|x86.ActiveCfg = Release|Any CPU
		{C252A743-E238-4ED7-B289-DBC57748D88E}.Release|x86.Build.0 = Release|Any CPU
	EndGlobalSection
	GlobalSection(NestedProjects) = preSolution
		{28BB315B-F15D-45ED-A38A-EA7FA326B24A} = {1C0CA930-0570-4AC8-845D-37C7F2E53E67}
		{6192F9C6-5A97-476A-8494-7B8DD9EE680E} = {1C0CA930-0570-4AC8-845D-37C7F2E53E67}
		{035EFA80-F4CD-4288-A376-EC0C4F573C26} = {1C0CA930-0570-4AC8-845D-37C7F2E53E67}
		{5F6FFBBB-826B-45A8-B27C-788FC858129F} = {7F5DFBFB-17AD-488F-B2F9-15940D70A201}
		{5D12FB7D-361A-4D97-A95B-C13AD47FFB94} = {7F5DFBFB-17AD-488F-B2F9-15940D70A201}
		{94EB849E-4F19-4019-934C-1BFD44FA5735} = {7F5DFBFB-17AD-488F-B2F9-15940D70A201}
		{36CA0255-1B44-4B3F-AC0F-7B8FD662160B} = {F9A05031-67ED-432C-8350-E9F50A5EA7B4}
		{89869F8B-6E55-4F17-89E5-17C6C6EB26CF} = {F9A05031-67ED-432C-8350-E9F50A5EA7B4}
		{C252A743-E238-4ED7-B289-DBC57748D88E} = {F9A05031-67ED-432C-8350-E9F50A5EA7B4}
	EndGlobalSection
EndGlobal
