Microsoft Visual Studio Solution File, Format Version 12.00
# Visual Studio Version 16
VisualStudioVersion = 16.0.0.0
MinimumVisualStudioVersion = 16.0.0.0
Project("{9A19103F-16F7-4668-BE54-9A1E7A4F7556}") = "Akkamart.Marketing.Server", "Akkamart.Marketing.Server\Akkamart.Marketing.Server.csproj", "{5839A0F6-094C-44F5-9606-8D1FD65C11A7}"
EndProject
Project("{9A19103F-16F7-4668-BE54-9A1E7A4F7556}") = "Akkamart.Marketing.Client", "Akkamart.Marketing.Client\Akkamart.Marketing.Client.csproj", "{CB63B690-F48F-47D5-93DB-6DACCF90A281}"
EndProject
Project("{9A19103F-16F7-4668-BE54-9A1E7A4F7556}") = "Akkamart.Marketing.Shared", "Akkamart.Marketing.Shared\Akkamart.Marketing.Shared.csproj", "{B807417B-2847-46C7-BC88-631F0A0A2AE1}"
EndProject
Global
	GlobalSection(SolutionConfigurationPlatforms) = preSolution
		Debug|Any CPU = Debug|Any CPU
		Debug|x64 = Debug|x64
		Debug|x86 = Debug|x86
		Release|Any CPU = Release|Any CPU
		Release|x64 = Release|x64
		Release|x86 = Release|x86
	EndGlobalSection
	GlobalSection(ProjectConfigurationPlatforms) = postSolution
		{CB63B690-F48F-47D5-93DB-6DACCF90A281}.Debug|Any CPU.ActiveCfg = Debug|Any CPU
		{CB63B690-F48F-47D5-93DB-6DACCF90A281}.Debug|Any CPU.Build.0 = Debug|Any CPU
		{CB63B690-F48F-47D5-93DB-6DACCF90A281}.Debug|x64.ActiveCfg = Debug|Any CPU
		{CB63B690-F48F-47D5-93DB-6DACCF90A281}.Debug|x64.Build.0 = Debug|Any CPU
		{CB63B690-F48F-47D5-93DB-6DACCF90A281}.Debug|x86.ActiveCfg = Debug|Any CPU
		{CB63B690-F48F-47D5-93DB-6DACCF90A281}.Debug|x86.Build.0 = Debug|Any CPU
		{CB63B690-F48F-47D5-93DB-6DACCF90A281}.Release|Any CPU.ActiveCfg = Release|Any CPU
		{CB63B690-F48F-47D5-93DB-6DACCF90A281}.Release|Any CPU.Build.0 = Release|Any CPU
		{CB63B690-F48F-47D5-93DB-6DACCF90A281}.Release|x64.ActiveCfg = Release|Any CPU
		{CB63B690-F48F-47D5-93DB-6DACCF90A281}.Release|x64.Build.0 = Release|Any CPU
		{CB63B690-F48F-47D5-93DB-6DACCF90A281}.Release|x86.ActiveCfg = Release|Any CPU
		{CB63B690-F48F-47D5-93DB-6DACCF90A281}.Release|x86.Build.0 = Release|Any CPU
		{5839A0F6-094C-44F5-9606-8D1FD65C11A7}.Debug|Any CPU.ActiveCfg = Debug|Any CPU
		{5839A0F6-094C-44F5-9606-8D1FD65C11A7}.Debug|Any CPU.Build.0 = Debug|Any CPU
		{5839A0F6-094C-44F5-9606-8D1FD65C11A7}.Debug|x64.ActiveCfg = Debug|Any CPU
		{5839A0F6-094C-44F5-9606-8D1FD65C11A7}.Debug|x64.Build.0 = Debug|Any CPU
		{5839A0F6-094C-44F5-9606-8D1FD65C11A7}.Debug|x86.ActiveCfg = Debug|Any CPU
		{5839A0F6-094C-44F5-9606-8D1FD65C11A7}.Debug|x86.Build.0 = Debug|Any CPU
		{5839A0F6-094C-44F5-9606-8D1FD65C11A7}.Release|Any CPU.ActiveCfg = Release|Any CPU
		{5839A0F6-094C-44F5-9606-8D1FD65C11A7}.Release|Any CPU.Build.0 = Release|Any CPU
		{5839A0F6-094C-44F5-9606-8D1FD65C11A7}.Release|x64.ActiveCfg = Release|Any CPU
		{5839A0F6-094C-44F5-9606-8D1FD65C11A7}.Release|x64.Build.0 = Release|Any CPU
		{5839A0F6-094C-44F5-9606-8D1FD65C11A7}.Release|x86.ActiveCfg = Release|Any CPU
		{5839A0F6-094C-44F5-9606-8D1FD65C11A7}.Release|x86.Build.0 = Release|Any CPU
		{B807417B-2847-46C7-BC88-631F0A0A2AE1}.Debug|Any CPU.ActiveCfg = Debug|Any CPU
		{B807417B-2847-46C7-BC88-631F0A0A2AE1}.Debug|Any CPU.Build.0 = Debug|Any CPU
		{B807417B-2847-46C7-BC88-631F0A0A2AE1}.Debug|x64.ActiveCfg = Debug|Any CPU
		{B807417B-2847-46C7-BC88-631F0A0A2AE1}.Debug|x64.Build.0 = Debug|Any CPU
		{B807417B-2847-46C7-BC88-631F0A0A2AE1}.Debug|x86.ActiveCfg = Debug|Any CPU
		{B807417B-2847-46C7-BC88-631F0A0A2AE1}.Debug|x86.Build.0 = Debug|Any CPU
		{B807417B-2847-46C7-BC88-631F0A0A2AE1}.Release|Any CPU.ActiveCfg = Release|Any CPU
		{B807417B-2847-46C7-BC88-631F0A0A2AE1}.Release|Any CPU.Build.0 = Release|Any CPU
		{B807417B-2847-46C7-BC88-631F0A0A2AE1}.Release|x64.ActiveCfg = Release|Any CPU
		{B807417B-2847-46C7-BC88-631F0A0A2AE1}.Release|x64.Build.0 = Release|Any CPU
		{B807417B-2847-46C7-BC88-631F0A0A2AE1}.Release|x86.ActiveCfg = Release|Any CPU
		{B807417B-2847-46C7-BC88-631F0A0A2AE1}.Release|x86.Build.0 = Release|Any CPU
	EndGlobalSection
	GlobalSection(SolutionProperties) = preSolution
		HideSolutionNode = FALSE
	EndGlobalSection
	GlobalSection(ExtensibilityGlobals) = postSolution
		SolutionGuid = {DB91F64F-08AB-4CFD-8B25-12D5EBBF7BCC}
	EndGlobalSection
EndGlobal
